{
    "name": "hanzi-util-base",
    "version": "2.0.2",
    "lockfileVersion": 1,
    "requires": true,
    "dependencies": {
        "cnchar": {
            "version": "2.0.2",
            "resolved": "https://registry.npmjs.org/cnchar/-/cnchar-2.0.2.tgz",
            "integrity": "sha512-pNIZBE1iHmY8w7ZF3TC6TzqEZUDtMNtWHMQ2Fom/VdCY/FRcmHellUyzNwK7cmyE5mDkzgOCFDdAXWWbGpkqLA=="
        }
    }
}
