{
    "name": "hanzi-util-base",
    "version": "2.0.3",
    "lockfileVersion": 1,
    "requires": true,
    "dependencies": {
        "cnchar": {
            "version": "2.0.3",
            "resolved": "https://registry.npmjs.org/cnchar/-/cnchar-2.0.3.tgz",
            "integrity": "sha512-tNIV5FEvhE0jnJwsMPBfS3qDTMZxlA5MpwAua99WLnaCiDqz55y3+2L0kdydNz4UJeBN+hmMSMSd8xt9Tiwy2g=="
        }
    }
}
