{
    "name": "cnchar-all",
    "version": "2.0.3",
    "lockfileVersion": 1,
    "requires": true,
    "dependencies": {
        "cnchar": {
            "version": "2.0.3",
            "resolved": "https://registry.npmjs.org/cnchar/-/cnchar-2.0.3.tgz",
            "integrity": "sha512-tNIV5FEvhE0jnJwsMPBfS3qDTMZxlA5MpwAua99WLnaCiDqz55y3+2L0kdydNz4UJeBN+hmMSMSd8xt9Tiwy2g=="
        },
        "cnchar-order": {
            "version": "2.0.3",
            "resolved": "https://registry.npmjs.org/cnchar-order/-/cnchar-order-2.0.3.tgz",
            "integrity": "sha512-XCELBNLFr2RF9gw4mgqmHE1+aclkZb3GIItR8l4fyFOuy4w8qeIcGvpKA/qdLRdtbR5qzv8V/UvMgJxcBfUsfg=="
        },
        "cnchar-poly": {
            "version": "2.0.3",
            "resolved": "https://registry.npmjs.org/cnchar-poly/-/cnchar-poly-2.0.3.tgz",
            "integrity": "sha512-ZGztFSOFdy7Eu9at8xyiX8J5Ot/ZDq1vybuUXjXcGqlaF1M8F0l2srWS9zuC603Buzx7T23JZrjADIi/9M7Fpw=="
        },
        "cnchar-trad": {
            "version": "2.0.3",
            "resolved": "https://registry.npmjs.org/cnchar-trad/-/cnchar-trad-2.0.3.tgz",
            "integrity": "sha512-5m06q7ain0C/QzBF2+dmz4UVH2m26kw6SYvIOzEaKy7Uk4eQtW8EDyXzuLlLVslmbP3/J3/6OfzXLS8TbMF6qQ=="
        }
    }
}
