{
    "name": "hanzi-util",
    "version": "2.0.2",
    "lockfileVersion": 1,
    "requires": true,
    "dependencies": {
        "cnchar": {
            "version": "2.0.2",
            "resolved": "https://registry.npmjs.org/cnchar/-/cnchar-2.0.2.tgz",
            "integrity": "sha512-pNIZBE1iHmY8w7ZF3TC6TzqEZUDtMNtWHMQ2Fom/VdCY/FRcmHellUyzNwK7cmyE5mDkzgOCFDdAXWWbGpkqLA=="
        },
        "cnchar-all": {
            "version": "2.0.2",
            "resolved": "https://registry.npmjs.org/cnchar-all/-/cnchar-all-2.0.2.tgz",
            "integrity": "sha512-A4d2KNiFo9R/yzgRXJwT4jeeEQpzUetVnyctQl+Ksay9D7SyXm5G8/GGHJUB4tPtg4qtzp88AkjrnrhGkuenyw==",
            "requires": {
                "cnchar": "2.0.2",
                "cnchar-order": "2.0.2",
                "cnchar-poly": "2.0.2",
                "cnchar-trad": "2.0.2"
            }
        },
        "cnchar-order": {
            "version": "2.0.2",
            "resolved": "https://registry.npmjs.org/cnchar-order/-/cnchar-order-2.0.2.tgz",
            "integrity": "sha512-n3x32jfBHtDbppnEMPibz/kTUTbk+QTDZxQqlJLq8Uvlo5N3r3+iQsX5G6emNSkf2sfGolgItDc+qx5J9MKF/A=="
        },
        "cnchar-poly": {
            "version": "2.0.2",
            "resolved": "https://registry.npmjs.org/cnchar-poly/-/cnchar-poly-2.0.2.tgz",
            "integrity": "sha512-1AQ8HLkriLBoTtzBLvMS9+cznmI8eZyAPyZJIGiYQSBaPP6vvx0rcgBYDQmaynIXcAK5QhpiXYseO51brYHaWQ=="
        },
        "cnchar-trad": {
            "version": "2.0.2",
            "resolved": "https://registry.npmjs.org/cnchar-trad/-/cnchar-trad-2.0.2.tgz",
            "integrity": "sha512-yRHGGb6VgFKkAaREA+FZ3gia2jZ/F9lX2p19g8YK0lDazGS9JF86/7ePHCtbNfDaOxcsLdPgFzeykP+FPBqnPg=="
        }
    }
}
